
Microsoft Visual Studio Solution File, Format Version 10.00
# Visual Studio 2008
Project("{8BC9CEB8-8B4A-11D0-8D11-00A0C91BC942}") = "lsystem_parse", "lsystem_parse\lsystem_parse.vcproj", "{F41076E8-4BCC-4E9D-A237-AC080C986036}"
EndProject
Global
	GlobalSection(SolutionConfigurationPlatforms) = preSolution
		Debug|Win32 = Debug|Win32
		Release|Win32 = Release|Win32
	EndGlobalSection
	GlobalSection(ProjectConfigurationPlatforms) = postSolution
		{F41076E8-4BCC-4E9D-A237-AC080C986036}.Debug|Win32.ActiveCfg = Debug|Win32
		{F41076E8-4BCC-4E9D-A237-AC080C986036}.Debug|Win32.Build.0 = Debug|Win32
		{F41076E8-4BCC-4E9D-A237-AC080C986036}.Release|Win32.ActiveCfg = Release|Win32
		{F41076E8-4BCC-4E9D-A237-AC080C986036}.Release|Win32.Build.0 = Release|Win32
	EndGlobalSection
	GlobalSection(SolutionProperties) = preSolution
		HideSolutionNode = FALSE
	EndGlobalSection
EndGlobal
